
Microsoft Visual Studio Solution File, Format Version 12.00
# Visual Studio 15
VisualStudioVersion = 15.0.27428.2015
MinimumVisualStudioVersion = 10.0.40219.1
Project("{FAE04EC0-301F-11D3-BF4B-00C04F79EFBC}") = "AssetManagementWeb", "AssetManagementWeb\AssetManagementWeb.csproj", "{CA599E21-D0EF-48B6-9DD6-710A5BAACD87}"
EndProject
Global
	GlobalSection(SolutionConfigurationPlatforms) = preSolution
		Debug|Any CPU = Debug|Any CPU
		Release|Any CPU = Release|Any CPU
	EndGlobalSection
	GlobalSection(ProjectConfigurationPlatforms) = postSolution
		{CA599E21-D0EF-48B6-9DD6-710A5BAACD87}.Debug|Any CPU.ActiveCfg = Debug|Any CPU
		{CA599E21-D0EF-48B6-9DD6-710A5BAACD87}.Debug|Any CPU.Build.0 = Debug|Any CPU
		{CA599E21-D0EF-48B6-9DD6-710A5BAACD87}.Release|Any CPU.ActiveCfg = Release|Any CPU
		{CA599E21-D0EF-48B6-9DD6-710A5BAACD87}.Release|Any CPU.Build.0 = Release|Any CPU
	EndGlobalSection
	GlobalSection(SolutionProperties) = preSolution
		HideSolutionNode = FALSE
	EndGlobalSection
	GlobalSection(ExtensibilityGlobals) = postSolution
		SolutionGuid = {4A041AB4-4067-4DF3-8375-F025739AE38E}
	EndGlobalSection
EndGlobal
